// !$*UTF8*$!
{
	archiveVersion = 1;
	classes = {
	};
	objectVersion = 56;
	objects = {

/* Begin PBXBuildFile section */
		14A94E542A52CD100036D2CE /* QuestionView.swift in Sources */ = {isa = PBXBuildFile; fileRef = 14A94E532A52CD100036D2CE /* QuestionView.swift */; };
		14AEC0482A4F0C5600B91F47 /* AppDelegate.swift in Sources */ = {isa = PBXBuildFile; fileRef = 14AEC0472A4F0C5600B91F47 /* AppDelegate.swift */; };
		14AEC04A2A4F0C5600B91F47 /* SceneDelegate.swift in Sources */ = {isa = PBXBuildFile; fileRef = 14AEC0492A4F0C5600B91F47 /* SceneDelegate.swift */; };
		14AEC04C2A4F0C5600B91F47 /* ViewController.swift in Sources */ = {isa = PBXBuildFile; fileRef = 14AEC04B2A4F0C5600B91F47 /* ViewController.swift */; };
		14AEC04F2A4F0C5600B91F47 /* Main.storyboard in Resources */ = {isa = PBXBuildFile; fileRef = 14AEC04D2A4F0C5600B91F47 /* Main.storyboard */; };
		14AEC0512A4F0C5700B91F47 /* Assets.xcassets in Resources */ = {isa = PBXBuildFile; fileRef = 14AEC0502A4F0C5700B91F47 /* Assets.xcassets */; };
		14AEC0542A4F0C5700B91F47 /* LaunchScreen.storyboard in Resources */ = {isa = PBXBuildFile; fileRef = 14AEC0522A4F0C5700B91F47 /* LaunchScreen.storyboard */; };
		14AEC05C2A4F0E7000B91F47 /* Balham.otf in Resources */ = {isa = PBXBuildFile; fileRef = 14AEC05B2A4F0E7000B91F47 /* Balham.otf */; };
		14AEC0642A4F15A200B91F47 /* Question.swift in Sources */ = {isa = PBXBuildFile; fileRef = 14AEC0632A4F15A200B91F47 /* Question.swift */; };
		14AEC0662A4F1B0900B91F47 /* Game.swift in Sources */ = {isa = PBXBuildFile; fileRef = 14AEC0652A4F1B0900B91F47 /* Game.swift */; };
		14AEC0682A4F1B4500B91F47 /* QuestionManager.swift in Sources */ = {isa = PBXBuildFile; fileRef = 14AEC0672A4F1B4500B91F47 /* QuestionManager.swift */; };
		14AEC06A2A52BF6600B91F47 /* BacasimeAntique.ttf in Resources */ = {isa = PBXBuildFile; fileRef = 14AEC0692A52BF6600B91F47 /* BacasimeAntique.ttf */; };
/* End PBXBuildFile section */

/* Begin PBXFileReference section */
		14A94E532A52CD100036D2CE /* QuestionView.swift */ = {isa = PBXFileReference; lastKnownFileType = sourcecode.swift; path = QuestionView.swift; sourceTree = "<group>"; };
		14AEC0442A4F0C5600B91F47 /* OpenQuizz.app */ = {isa = PBXFileReference; explicitFileType = wrapper.application; includeInIndex = 0; path = OpenQuizz.app; sourceTree = BUILT_PRODUCTS_DIR; };
		14AEC0472A4F0C5600B91F47 /* AppDelegate.swift */ = {isa = PBXFileReference; lastKnownFileType = sourcecode.swift; path = AppDelegate.swift; sourceTree = "<group>"; };
		14AEC0492A4F0C5600B91F47 /* SceneDelegate.swift */ = {isa = PBXFileReference; lastKnownFileType = sourcecode.swift; path = SceneDelegate.swift; sourceTree = "<group>"; };
		14AEC04B2A4F0C5600B91F47 /* ViewController.swift */ = {isa = PBXFileReference; lastKnownFileType = sourcecode.swift; path = ViewController.swift; sourceTree = "<group>"; };
		14AEC04E2A4F0C5600B91F47 /* Base */ = {isa = PBXFileReference; lastKnownFileType = file.storyboard; name = Base; path = Base.lproj/Main.storyboard; sourceTree = "<group>"; };
		14AEC0502A4F0C5700B91F47 /* Assets.xcassets */ = {isa = PBXFileReference; lastKnownFileType = folder.assetcatalog; path = Assets.xcassets; sourceTree = "<group>"; };
		14AEC0532A4F0C5700B91F47 /* Base */ = {isa = PBXFileReference; lastKnownFileType = file.storyboard; name = Base; path = Base.lproj/LaunchScreen.storyboard; sourceTree = "<group>"; };
		14AEC0552A4F0C5700B91F47 /* Info.plist */ = {isa = PBXFileReference; lastKnownFileType = text.plist.xml; path = Info.plist; sourceTree = "<group>"; };
		14AEC05B2A4F0E7000B91F47 /* Balham.otf */ = {isa = PBXFileReference; lastKnownFileType = file; path = Balham.otf; sourceTree = "<group>"; };
		14AEC0632A4F15A200B91F47 /* Question.swift */ = {isa = PBXFileReference; lastKnownFileType = sourcecode.swift; path = Question.swift; sourceTree = "<group>"; };
		14AEC0652A4F1B0900B91F47 /* Game.swift */ = {isa = PBXFileReference; lastKnownFileType = sourcecode.swift; path = Game.swift; sourceTree = "<group>"; };
		14AEC0672A4F1B4500B91F47 /* QuestionManager.swift */ = {isa = PBXFileReference; lastKnownFileType = sourcecode.swift; path = QuestionManager.swift; sourceTree = "<group>"; };
		14AEC0692A52BF6600B91F47 /* BacasimeAntique.ttf */ = {isa = PBXFileReference; lastKnownFileType = file; path = BacasimeAntique.ttf; sourceTree = "<group>"; };
		14D743E82A52C64B002EFFA9 /* OpenQuizz.entitlements */ = {isa = PBXFileReference; lastKnownFileType = text.plist.entitlements; path = OpenQuizz.entitlements; sourceTree = "<group>"; };
/* End PBXFileReference section */

/* Begin PBXFrameworksBuildPhase section */
		14AEC0412A4F0C5600B91F47 /* Frameworks */ = {
			isa = PBXFrameworksBuildPhase;
			buildActionMask = 2147483647;
			files = (
			);
			runOnlyForDeploymentPostprocessing = 0;
		};
/* End PBXFrameworksBuildPhase section */

/* Begin PBXGroup section */
		14AEC03B2A4F0C5600B91F47 = {
			isa = PBXGroup;
			children = (
				14AEC0462A4F0C5600B91F47 /* OpenQuizz */,
				14AEC0452A4F0C5600B91F47 /* Products */,
			);
			sourceTree = "<group>";
		};
		14AEC0452A4F0C5600B91F47 /* Products */ = {
			isa = PBXGroup;
			children = (
				14AEC0442A4F0C5600B91F47 /* OpenQuizz.app */,
			);
			name = Products;
			sourceTree = "<group>";
		};
		14AEC0462A4F0C5600B91F47 /* OpenQuizz */ = {
			isa = PBXGroup;
			children = (
				14D743E82A52C64B002EFFA9 /* OpenQuizz.entitlements */,
				14AEC0552A4F0C5700B91F47 /* Info.plist */,
				14AEC0622A4F148200B91F47 /* SupportingFiles */,
				14AEC0602A4F144600B91F47 /* View */,
				14AEC0612A4F144E00B91F47 /* Controller */,
				14AEC05E2A4F143700B91F47 /* Model */,
			);
			path = OpenQuizz;
			sourceTree = "<group>";
		};
		14AEC05E2A4F143700B91F47 /* Model */ = {
			isa = PBXGroup;
			children = (
				14AEC0632A4F15A200B91F47 /* Question.swift */,
				14AEC0652A4F1B0900B91F47 /* Game.swift */,
				14AEC0672A4F1B4500B91F47 /* QuestionManager.swift */,
			);
			path = Model;
			sourceTree = "<group>";
		};
		14AEC0602A4F144600B91F47 /* View */ = {
			isa = PBXGroup;
			children = (
				14AEC04D2A4F0C5600B91F47 /* Main.storyboard */,
				14A94E532A52CD100036D2CE /* QuestionView.swift */,
			);
			path = View;
			sourceTree = "<group>";
		};
		14AEC0612A4F144E00B91F47 /* Controller */ = {
			isa = PBXGroup;
			children = (
				14AEC04B2A4F0C5600B91F47 /* ViewController.swift */,
			);
			path = Controller;
			sourceTree = "<group>";
		};
		14AEC0622A4F148200B91F47 /* SupportingFiles */ = {
			isa = PBXGroup;
			children = (
				14AEC0502A4F0C5700B91F47 /* Assets.xcassets */,
				14AEC05B2A4F0E7000B91F47 /* Balham.otf */,
				14AEC0692A52BF6600B91F47 /* BacasimeAntique.ttf */,
				14AEC0522A4F0C5700B91F47 /* LaunchScreen.storyboard */,
				14AEC0472A4F0C5600B91F47 /* AppDelegate.swift */,
				14AEC0492A4F0C5600B91F47 /* SceneDelegate.swift */,
			);
			path = SupportingFiles;
			sourceTree = "<group>";
		};
/* End PBXGroup section */

/* Begin PBXNativeTarget section */
		14AEC0432A4F0C5600B91F47 /* OpenQuizz */ = {
			isa = PBXNativeTarget;
			buildConfigurationList = 14AEC0582A4F0C5700B91F47 /* Build configuration list for PBXNativeTarget "OpenQuizz" */;
			buildPhases = (
				14AEC0402A4F0C5600B91F47 /* Sources */,
				14AEC0412A4F0C5600B91F47 /* Frameworks */,
				14AEC0422A4F0C5600B91F47 /* Resources */,
			);
			buildRules = (
			);
			dependencies = (
			);
			name = OpenQuizz;
			productName = OpenQuizz;
			productReference = 14AEC0442A4F0C5600B91F47 /* OpenQuizz.app */;
			productType = "com.apple.product-type.application";
		};
/* End PBXNativeTarget section */

/* Begin PBXProject section */
		14AEC03C2A4F0C5600B91F47 /* Project object */ = {
			isa = PBXProject;
			attributes = {
				BuildIndependentTargetsInParallel = 1;
				LastSwiftUpdateCheck = 1430;
				LastUpgradeCheck = 1430;
				TargetAttributes = {
					14AEC0432A4F0C5600B91F47 = {
						CreatedOnToolsVersion = 14.3;
					};
				};
			};
			buildConfigurationList = 14AEC03F2A4F0C5600B91F47 /* Build configuration list for PBXProject "OpenQuizz" */;
			compatibilityVersion = "Xcode 14.0";
			developmentRegion = en;
			hasScannedForEncodings = 0;
			knownRegions = (
				en,
				Base,
			);
			mainGroup = 14AEC03B2A4F0C5600B91F47;
			productRefGroup = 14AEC0452A4F0C5600B91F47 /* Products */;
			projectDirPath = "";
			projectRoot = "";
			targets = (
				14AEC0432A4F0C5600B91F47 /* OpenQuizz */,
			);
		};
/* End PBXProject section */

/* Begin PBXResourcesBuildPhase section */
		14AEC0422A4F0C5600B91F47 /* Resources */ = {
			isa = PBXResourcesBuildPhase;
			buildActionMask = 2147483647;
			files = (
				14AEC06A2A52BF6600B91F47 /* BacasimeAntique.ttf in Resources */,
				14AEC0542A4F0C5700B91F47 /* LaunchScreen.storyboard in Resources */,
				14AEC0512A4F0C5700B91F47 /* Assets.xcassets in Resources */,
				14AEC05C2A4F0E7000B91F47 /* Balham.otf in Resources */,
				14AEC04F2A4F0C5600B91F47 /* Main.storyboard in Resources */,
			);
			runOnlyForDeploymentPostprocessing = 0;
		};
/* End PBXResourcesBuildPhase section */

/* Begin PBXSourcesBuildPhase section */
		14AEC0402A4F0C5600B91F47 /* Sources */ = {
			isa = PBXSourcesBuildPhase;
			buildActionMask = 2147483647;
			files = (
				14AEC04C2A4F0C5600B91F47 /* ViewController.swift in Sources */,
				14AEC0662A4F1B0900B91F47 /* Game.swift in Sources */,
				14AEC0642A4F15A200B91F47 /* Question.swift in Sources */,
				14A94E542A52CD100036D2CE /* QuestionView.swift in Sources */,
				14AEC0482A4F0C5600B91F47 /* AppDelegate.swift in Sources */,
				14AEC04A2A4F0C5600B91F47 /* SceneDelegate.swift in Sources */,
				14AEC0682A4F1B4500B91F47 /* QuestionManager.swift in Sources */,
			);
			runOnlyForDeploymentPostprocessing = 0;
		};
/* End PBXSourcesBuildPhase section */

/* Begin PBXVariantGroup section */
		14AEC04D2A4F0C5600B91F47 /* Main.storyboard */ = {
			isa = PBXVariantGroup;
			children = (
				14AEC04E2A4F0C5600B91F47 /* Base */,
			);
			name = Main.storyboard;
			sourceTree = "<group>";
		};
		14AEC0522A4F0C5700B91F47 /* LaunchScreen.storyboard */ = {
			isa = PBXVariantGroup;
			children = (
				14AEC0532A4F0C5700B91F47 /* Base */,
			);
			name = LaunchScreen.storyboard;
			sourceTree = "<group>";
		};
/* End PBXVariantGroup section */

/* Begin XCBuildConfiguration section */
		14AEC0562A4F0C5700B91F47 /* Debug */ = {
			isa = XCBuildConfiguration;
			buildSettings = {
				ALWAYS_SEARCH_USER_PATHS = NO;
				CLANG_ANALYZER_NONNULL = YES;
				CLANG_ANALYZER_NUMBER_OBJECT_CONVERSION = YES_AGGRESSIVE;
				CLANG_CXX_LANGUAGE_STANDARD = "gnu++20";
				CLANG_ENABLE_MODULES = YES;
				CLANG_ENABLE_OBJC_ARC = YES;
				CLANG_ENABLE_OBJC_WEAK = YES;
				CLANG_WARN_BLOCK_CAPTURE_AUTORELEASING = YES;
				CLANG_WARN_BOOL_CONVERSION = YES;
				CLANG_WARN_COMMA = YES;
				CLANG_WARN_CONSTANT_CONVERSION = YES;
				CLANG_WARN_DEPRECATED_OBJC_IMPLEMENTATIONS = YES;
				CLANG_WARN_DIRECT_OBJC_ISA_USAGE = YES_ERROR;
				CLANG_WARN_DOCUMENTATION_COMMENTS = YES;
				CLANG_WARN_EMPTY_BODY = YES;
				CLANG_WARN_ENUM_CONVERSION = YES;
				CLANG_WARN_INFINITE_RECURSION = YES;
				CLANG_WARN_INT_CONVERSION = YES;
				CLANG_WARN_NON_LITERAL_NULL_CONVERSION = YES;
				CLANG_WARN_OBJC_IMPLICIT_RETAIN_SELF = YES;
				CLANG_WARN_OBJC_LITERAL_CONVERSION = YES;
				CLANG_WARN_OBJC_ROOT_CLASS = YES_ERROR;
				CLANG_WARN_QUOTED_INCLUDE_IN_FRAMEWORK_HEADER = YES;
				CLANG_WARN_RANGE_LOOP_ANALYSIS = YES;
				CLANG_WARN_STRICT_PROTOTYPES = YES;
				CLANG_WARN_SUSPICIOUS_MOVE = YES;
				CLANG_WARN_UNGUARDED_AVAILABILITY = YES_AGGRESSIVE;
				CLANG_WARN_UNREACHABLE_CODE = YES;
				CLANG_WARN__DUPLICATE_METHOD_MATCH = YES;
				COPY_PHASE_STRIP = NO;
				DEBUG_INFORMATION_FORMAT = dwarf;
				ENABLE_STRICT_OBJC_MSGSEND = YES;
				ENABLE_TESTABILITY = YES;
				GCC_C_LANGUAGE_STANDARD = gnu11;
				GCC_DYNAMIC_NO_PIC = NO;
				GCC_NO_COMMON_BLOCKS = YES;
				GCC_OPTIMIZATION_LEVEL = 0;
				GCC_PREPROCESSOR_DEFINITIONS = (
					"DEBUG=1",
					"$(inherited)",
				);
				GCC_WARN_64_TO_32_BIT_CONVERSION = YES;
				GCC_WARN_ABOUT_RETURN_TYPE = YES_ERROR;
				GCC_WARN_UNDECLARED_SELECTOR = YES;
				GCC_WARN_UNINITIALIZED_AUTOS = YES_AGGRESSIVE;
				GCC_WARN_UNUSED_FUNCTION = YES;
				GCC_WARN_UNUSED_VARIABLE = YES;
				IPHONEOS_DEPLOYMENT_TARGET = 16.4;
				MTL_ENABLE_DEBUG_INFO = INCLUDE_SOURCE;
				MTL_FAST_MATH = YES;
				ONLY_ACTIVE_ARCH = YES;
				SDKROOT = iphoneos;
				SWIFT_ACTIVE_COMPILATION_CONDITIONS = DEBUG;
				SWIFT_OPTIMIZATION_LEVEL = "-Onone";
			};
			name = Debug;
		};
		14AEC0572A4F0C5700B91F47 /* Release */ = {
			isa = XCBuildConfiguration;
			buildSettings = {
				ALWAYS_SEARCH_USER_PATHS = NO;
				CLANG_ANALYZER_NONNULL = YES;
				CLANG_ANALYZER_NUMBER_OBJECT_CONVERSION = YES_AGGRESSIVE;
				CLANG_CXX_LANGUAGE_STANDARD = "gnu++20";
				CLANG_ENABLE_MODULES = YES;
				CLANG_ENABLE_OBJC_ARC = YES;
				CLANG_ENABLE_OBJC_WEAK = YES;
				CLANG_WARN_BLOCK_CAPTURE_AUTORELEASING = YES;
				CLANG_WARN_BOOL_CONVERSION = YES;
				CLANG_WARN_COMMA = YES;
				CLANG_WARN_CONSTANT_CONVERSION = YES;
				CLANG_WARN_DEPRECATED_OBJC_IMPLEMENTATIONS = YES;
				CLANG_WARN_DIRECT_OBJC_ISA_USAGE = YES_ERROR;
				CLANG_WARN_DOCUMENTATION_COMMENTS = YES;
				CLANG_WARN_EMPTY_BODY = YES;
				CLANG_WARN_ENUM_CONVERSION = YES;
				CLANG_WARN_INFINITE_RECURSION = YES;
				CLANG_WARN_INT_CONVERSION = YES;
				CLANG_WARN_NON_LITERAL_NULL_CONVERSION = YES;
				CLANG_WARN_OBJC_IMPLICIT_RETAIN_SELF = YES;
				CLANG_WARN_OBJC_LITERAL_CONVERSION = YES;
				CLANG_WARN_OBJC_ROOT_CLASS = YES_ERROR;
				CLANG_WARN_QUOTED_INCLUDE_IN_FRAMEWORK_HEADER = YES;
				CLANG_WARN_RANGE_LOOP_ANALYSIS = YES;
				CLANG_WARN_STRICT_PROTOTYPES = YES;
				CLANG_WARN_SUSPICIOUS_MOVE = YES;
				CLANG_WARN_UNGUARDED_AVAILABILITY = YES_AGGRESSIVE;
				CLANG_WARN_UNREACHABLE_CODE = YES;
				CLANG_WARN__DUPLICATE_METHOD_MATCH = YES;
				COPY_PHASE_STRIP = NO;
				DEBUG_INFORMATION_FORMAT = "dwarf-with-dsym";
				ENABLE_NS_ASSERTIONS = NO;
				ENABLE_STRICT_OBJC_MSGSEND = YES;
				GCC_C_LANGUAGE_STANDARD = gnu11;
				GCC_NO_COMMON_BLOCKS = YES;
				GCC_WARN_64_TO_32_BIT_CONVERSION = YES;
				GCC_WARN_ABOUT_RETURN_TYPE = YES_ERROR;
				GCC_WARN_UNDECLARED_SELECTOR = YES;
				GCC_WARN_UNINITIALIZED_AUTOS = YES_AGGRESSIVE;
				GCC_WARN_UNUSED_FUNCTION = YES;
				GCC_WARN_UNUSED_VARIABLE = YES;
				IPHONEOS_DEPLOYMENT_TARGET = 16.4;
				MTL_ENABLE_DEBUG_INFO = NO;
				MTL_FAST_MATH = YES;
				SDKROOT = iphoneos;
				SWIFT_COMPILATION_MODE = wholemodule;
				SWIFT_OPTIMIZATION_LEVEL = "-O";
				VALIDATE_PRODUCT = YES;
			};
			name = Release;
		};
		14AEC0592A4F0C5700B91F47 /* Debug */ = {
			isa = XCBuildConfiguration;
			buildSettings = {
				ASSETCATALOG_COMPILER_APPICON_NAME = AppIcon;
				ASSETCATALOG_COMPILER_GLOBAL_ACCENT_COLOR_NAME = AccentColor;
				CODE_SIGN_ENTITLEMENTS = OpenQuizz/OpenQuizz.entitlements;
				CODE_SIGN_STYLE = Automatic;
				CURRENT_PROJECT_VERSION = 1;
				DEVELOPMENT_TEAM = 4FK7MWFCFZ;
				GENERATE_INFOPLIST_FILE = YES;
				INFOPLIST_FILE = OpenQuizz/Info.plist;
				INFOPLIST_KEY_UIApplicationSupportsIndirectInputEvents = YES;
				INFOPLIST_KEY_UILaunchStoryboardName = LaunchScreen;
				INFOPLIST_KEY_UIMainStoryboardFile = Main;
				INFOPLIST_KEY_UISupportedInterfaceOrientations_iPad = "UIInterfaceOrientationPortrait UIInterfaceOrientationPortraitUpsideDown UIInterfaceOrientationLandscapeLeft UIInterfaceOrientationLandscapeRight";
				INFOPLIST_KEY_UISupportedInterfaceOrientations_iPhone = "UIInterfaceOrientationPortrait UIInterfaceOrientationLandscapeLeft UIInterfaceOrientationLandscapeRight";
				IPHONEOS_DEPLOYMENT_TARGET = 13.0;
				LD_RUNPATH_SEARCH_PATHS = (
					"$(inherited)",
					"@executable_path/Frameworks",
				);
				MARKETING_VERSION = 1.0;
				PRODUCT_BUNDLE_IDENTIFIER = com.RomainPoyard.OpenQuizz;
				PRODUCT_NAME = "$(TARGET_NAME)";
				SWIFT_EMIT_LOC_STRINGS = YES;
				SWIFT_VERSION = 5.0;
				TARGETED_DEVICE_FAMILY = "1,2";
			};
			name = Debug;
		};
		14AEC05A2A4F0C5700B91F47 /* Release */ = {
			isa = XCBuildConfiguration;
			buildSettings = {
				ASSETCATALOG_COMPILER_APPICON_NAME = AppIcon;
				ASSETCATALOG_COMPILER_GLOBAL_ACCENT_COLOR_NAME = AccentColor;
				CODE_SIGN_ENTITLEMENTS = OpenQuizz/OpenQuizz.entitlements;
				CODE_SIGN_STYLE = Automatic;
				CURRENT_PROJECT_VERSION = 1;
				DEVELOPMENT_TEAM = 4FK7MWFCFZ;
				GENERATE_INFOPLIST_FILE = YES;
				INFOPLIST_FILE = OpenQuizz/Info.plist;
				INFOPLIST_KEY_UIApplicationSupportsIndirectInputEvents = YES;
				INFOPLIST_KEY_UILaunchStoryboardName = LaunchScreen;
				INFOPLIST_KEY_UIMainStoryboardFile = Main;
				INFOPLIST_KEY_UISupportedInterfaceOrientations_iPad = "UIInterfaceOrientationPortrait UIInterfaceOrientationPortraitUpsideDown UIInterfaceOrientationLandscapeLeft UIInterfaceOrientationLandscapeRight";
				INFOPLIST_KEY_UISupportedInterfaceOrientations_iPhone = "UIInterfaceOrientationPortrait UIInterfaceOrientationLandscapeLeft UIInterfaceOrientationLandscapeRight";
				IPHONEOS_DEPLOYMENT_TARGET = 13.0;
				LD_RUNPATH_SEARCH_PATHS = (
					"$(inherited)",
					"@executable_path/Frameworks",
				);
				MARKETING_VERSION = 1.0;
				PRODUCT_BUNDLE_IDENTIFIER = com.RomainPoyard.OpenQuizz;
				PRODUCT_NAME = "$(TARGET_NAME)";
				SWIFT_EMIT_LOC_STRINGS = YES;
				SWIFT_VERSION = 5.0;
				TARGETED_DEVICE_FAMILY = "1,2";
			};
			name = Release;
		};
/* End XCBuildConfiguration section */

/* Begin XCConfigurationList section */
		14AEC03F2A4F0C5600B91F47 /* Build configuration list for PBXProject "OpenQuizz" */ = {
			isa = XCConfigurationList;
			buildConfigurations = (
				14AEC0562A4F0C5700B91F47 /* Debug */,
				14AEC0572A4F0C5700B91F47 /* Release */,
			);
			defaultConfigurationIsVisible = 0;
			defaultConfigurationName = Release;
		};
		14AEC0582A4F0C5700B91F47 /* Build configuration list for PBXNativeTarget "OpenQuizz" */ = {
			isa = XCConfigurationList;
			buildConfigurations = (
				14AEC0592A4F0C5700B91F47 /* Debug */,
				14AEC05A2A4F0C5700B91F47 /* Release */,
			);
			defaultConfigurationIsVisible = 0;
			defaultConfigurationName = Release;
		};
/* End XCConfigurationList section */
	};
	rootObject = 14AEC03C2A4F0C5600B91F47 /* Project object */;
}
